
Microsoft Visual Studio Solution File, Format Version 12.00
# Visual Studio Version 17
VisualStudioVersion = 17.5.002.0
MinimumVisualStudioVersion = 10.0.40219.1
Project("{9A19103F-16F7-4668-BE54-9A1E7A4F7556}") = "learn-asp-net", "learn-asp-net.csproj", "{373047F9-B79F-4081-848E-CFEEFA592118}"
EndProject
Global
	GlobalSection(SolutionConfigurationPlatforms) = preSolution
		Debug|Any CPU = Debug|Any CPU
		Release|Any CPU = Release|Any CPU
	EndGlobalSection
	GlobalSection(ProjectConfigurationPlatforms) = postSolution
		{373047F9-B79F-4081-848E-CFEEFA592118}.Debug|Any CPU.ActiveCfg = Debug|Any CPU
		{373047F9-B79F-4081-848E-CFEEFA592118}.Debug|Any CPU.Build.0 = Debug|Any CPU
		{373047F9-B79F-4081-848E-CFEEFA592118}.Release|Any CPU.ActiveCfg = Release|Any CPU
		{373047F9-B79F-4081-848E-CFEEFA592118}.Release|Any CPU.Build.0 = Release|Any CPU
	EndGlobalSection
	GlobalSection(SolutionProperties) = preSolution
		HideSolutionNode = FALSE
	EndGlobalSection
	GlobalSection(ExtensibilityGlobals) = postSolution
		SolutionGuid = {559CB269-A77A-480B-A850-9160A9A3A0A3}
	EndGlobalSection
EndGlobal
